
Microsoft Visual Studio Solution File, Format Version 12.00
# Visual Studio Version 17
VisualStudioVersion = 17.0.31903.59
MinimumVisualStudioVersion = 10.0.40219.1
Project("{FAE04EC0-301F-11D3-BF4B-00C04F79EFBC}") = "CarMarketplace.API", "CarMarketplace.API\CarMarketplace.API.csproj", "{A005BB3F-05BC-44FD-A380-0709B0F4E8BE}"
EndProject
Project("{FAE04EC0-301F-11D3-BF4B-00C04F79EFBC}") = "CarMarketplace.Application", "CarMarketplace.Application\CarMarketplace.Application.csproj", "{3EF986CF-CB6B-44B7-A983-4D15C1AE16E7}"
EndProject
Project("{FAE04EC0-301F-11D3-BF4B-00C04F79EFBC}") = "CarMarketplace.Domain", "CarMarketplace.Domain\CarMarketplace.Domain.csproj", "{70D62753-560D-41C8-B161-CDB8E295FFF6}"
EndProject
Project("{FAE04EC0-301F-11D3-BF4B-00C04F79EFBC}") = "CarMarketplace.Infrastructure", "CarMarketplace.Infrastructure\CarMarketplace.Infrastructure.csproj", "{19C04AFE-2606-4A7A-99EC-8CE595634EC7}"
EndProject
Project("{FAE04EC0-301F-11D3-BF4B-00C04F79EFBC}") = "CarMarketplace.Tests", "CarMarketplace.Tests\CarMarketplace.Tests.csproj", "{78D28897-8DA9-4C25-8691-9F28481B26A9}"
EndProject
Global
	GlobalSection(SolutionConfigurationPlatforms) = preSolution
		Debug|Any CPU = Debug|Any CPU
		Debug|x64 = Debug|x64
		Debug|x86 = Debug|x86
		Release|Any CPU = Release|Any CPU
		Release|x64 = Release|x64
		Release|x86 = Release|x86
	EndGlobalSection
	GlobalSection(ProjectConfigurationPlatforms) = postSolution
		{A005BB3F-05BC-44FD-A380-0709B0F4E8BE}.Debug|Any CPU.ActiveCfg = Debug|Any CPU
		{A005BB3F-05BC-44FD-A380-0709B0F4E8BE}.Debug|Any CPU.Build.0 = Debug|Any CPU
		{A005BB3F-05BC-44FD-A380-0709B0F4E8BE}.Debug|x64.ActiveCfg = Debug|Any CPU
		{A005BB3F-05BC-44FD-A380-0709B0F4E8BE}.Debug|x64.Build.0 = Debug|Any CPU
		{A005BB3F-05BC-44FD-A380-0709B0F4E8BE}.Debug|x86.ActiveCfg = Debug|Any CPU
		{A005BB3F-05BC-44FD-A380-0709B0F4E8BE}.Debug|x86.Build.0 = Debug|Any CPU
		{A005BB3F-05BC-44FD-A380-0709B0F4E8BE}.Release|Any CPU.ActiveCfg = Release|Any CPU
		{A005BB3F-05BC-44FD-A380-0709B0F4E8BE}.Release|Any CPU.Build.0 = Release|Any CPU
		{A005BB3F-05BC-44FD-A380-0709B0F4E8BE}.Release|x64.ActiveCfg = Release|Any CPU
		{A005BB3F-05BC-44FD-A380-0709B0F4E8BE}.Release|x64.Build.0 = Release|Any CPU
		{A005BB3F-05BC-44FD-A380-0709B0F4E8BE}.Release|x86.ActiveCfg = Release|Any CPU
		{A005BB3F-05BC-44FD-A380-0709B0F4E8BE}.Release|x86.Build.0 = Release|Any CPU
		{3EF986CF-CB6B-44B7-A983-4D15C1AE16E7}.Debug|Any CPU.ActiveCfg = Debug|Any CPU
		{3EF986CF-CB6B-44B7-A983-4D15C1AE16E7}.Debug|Any CPU.Build.0 = Debug|Any CPU
		{3EF986CF-CB6B-44B7-A983-4D15C1AE16E7}.Debug|x64.ActiveCfg = Debug|Any CPU
		{3EF986CF-CB6B-44B7-A983-4D15C1AE16E7}.Debug|x64.Build.0 = Debug|Any CPU
		{3EF986CF-CB6B-44B7-A983-4D15C1AE16E7}.Debug|x86.ActiveCfg = Debug|Any CPU
		{3EF986CF-CB6B-44B7-A983-4D15C1AE16E7}.Debug|x86.Build.0 = Debug|Any CPU
		{3EF986CF-CB6B-44B7-A983-4D15C1AE16E7}.Release|Any CPU.ActiveCfg = Release|Any CPU
		{3EF986CF-CB6B-44B7-A983-4D15C1AE16E7}.Release|Any CPU.Build.0 = Release|Any CPU
		{3EF986CF-CB6B-44B7-A983-4D15C1AE16E7}.Release|x64.ActiveCfg = Release|Any CPU
		{3EF986CF-CB6B-44B7-A983-4D15C1AE16E7}.Release|x64.Build.0 = Release|Any CPU
		{3EF986CF-CB6B-44B7-A983-4D15C1AE16E7}.Release|x86.ActiveCfg = Release|Any CPU
		{3EF986CF-CB6B-44B7-A983-4D15C1AE16E7}.Release|x86.Build.0 = Release|Any CPU
		{70D62753-560D-41C8-B161-CDB8E295FFF6}.Debug|Any CPU.ActiveCfg = Debug|Any CPU
		{70D62753-560D-41C8-B161-CDB8E295FFF6}.Debug|Any CPU.Build.0 = Debug|Any CPU
		{70D62753-560D-41C8-B161-CDB8E295FFF6}.Debug|x64.ActiveCfg = Debug|Any CPU
		{70D62753-560D-41C8-B161-CDB8E295FFF6}.Debug|x64.Build.0 = Debug|Any CPU
		{70D62753-560D-41C8-B161-CDB8E295FFF6}.Debug|x86.ActiveCfg = Debug|Any CPU
		{70D62753-560D-41C8-B161-CDB8E295FFF6}.Debug|x86.Build.0 = Debug|Any CPU
		{70D62753-560D-41C8-B161-CDB8E295FFF6}.Release|Any CPU.ActiveCfg = Release|Any CPU
		{70D62753-560D-41C8-B161-CDB8E295FFF6}.Release|Any CPU.Build.0 = Release|Any CPU
		{70D62753-560D-41C8-B161-CDB8E295FFF6}.Release|x64.ActiveCfg = Release|Any CPU
		{70D62753-560D-41C8-B161-CDB8E295FFF6}.Release|x64.Build.0 = Release|Any CPU
		{70D62753-560D-41C8-B161-CDB8E295FFF6}.Release|x86.ActiveCfg = Release|Any CPU
		{70D62753-560D-41C8-B161-CDB8E295FFF6}.Release|x86.Build.0 = Release|Any CPU
		{19C04AFE-2606-4A7A-99EC-8CE595634EC7}.Debug|Any CPU.ActiveCfg = Debug|Any CPU
		{19C04AFE-2606-4A7A-99EC-8CE595634EC7}.Debug|Any CPU.Build.0 = Debug|Any CPU
		{19C04AFE-2606-4A7A-99EC-8CE595634EC7}.Debug|x64.ActiveCfg = Debug|Any CPU
		{19C04AFE-2606-4A7A-99EC-8CE595634EC7}.Debug|x64.Build.0 = Debug|Any CPU
		{19C04AFE-2606-4A7A-99EC-8CE595634EC7}.Debug|x86.ActiveCfg = Debug|Any CPU
		{19C04AFE-2606-4A7A-99EC-8CE595634EC7}.Debug|x86.Build.0 = Debug|Any CPU
		{19C04AFE-2606-4A7A-99EC-8CE595634EC7}.Release|Any CPU.ActiveCfg = Release|Any CPU
		{19C04AFE-2606-4A7A-99EC-8CE595634EC7}.Release|Any CPU.Build.0 = Release|Any CPU
		{19C04AFE-2606-4A7A-99EC-8CE595634EC7}.Release|x64.ActiveCfg = Release|Any CPU
		{19C04AFE-2606-4A7A-99EC-8CE595634EC7}.Release|x64.Build.0 = Release|Any CPU
		{19C04AFE-2606-4A7A-99EC-8CE595634EC7}.Release|x86.ActiveCfg = Release|Any CPU
		{19C04AFE-2606-4A7A-99EC-8CE595634EC7}.Release|x86.Build.0 = Release|Any CPU
		{78D28897-8DA9-4C25-8691-9F28481B26A9}.Debug|Any CPU.ActiveCfg = Debug|Any CPU
		{78D28897-8DA9-4C25-8691-9F28481B26A9}.Debug|Any CPU.Build.0 = Debug|Any CPU
		{78D28897-8DA9-4C25-8691-9F28481B26A9}.Debug|x64.ActiveCfg = Debug|Any CPU
		{78D28897-8DA9-4C25-8691-9F28481B26A9}.Debug|x64.Build.0 = Debug|Any CPU
		{78D28897-8DA9-4C25-8691-9F28481B26A9}.Debug|x86.ActiveCfg = Debug|Any CPU
		{78D28897-8DA9-4C25-8691-9F28481B26A9}.Debug|x86.Build.0 = Debug|Any CPU
		{78D28897-8DA9-4C25-8691-9F28481B26A9}.Release|Any CPU.ActiveCfg = Release|Any CPU
		{78D28897-8DA9-4C25-8691-9F28481B26A9}.Release|Any CPU.Build.0 = Release|Any CPU
		{78D28897-8DA9-4C25-8691-9F28481B26A9}.Release|x64.ActiveCfg = Release|Any CPU
		{78D28897-8DA9-4C25-8691-9F28481B26A9}.Release|x64.Build.0 = Release|Any CPU
		{78D28897-8DA9-4C25-8691-9F28481B26A9}.Release|x86.ActiveCfg = Release|Any CPU
		{78D28897-8DA9-4C25-8691-9F28481B26A9}.Release|x86.Build.0 = Release|Any CPU
	EndGlobalSection
	GlobalSection(SolutionProperties) = preSolution
		HideSolutionNode = FALSE
	EndGlobalSection
EndGlobal
